<?xml version="1.0" encoding="utf-8"?>
<Project ToolsVersion="4.0" xmlns="http://schemas.microsoft.com/developer/msbuild/2003">
  <ItemGroup>
    <Filter Include="Source Files">
      <UniqueIdentifier>{4FC737F1-C7A5-4376-A066-2A32D752A2FF}</UniqueIdentifier>
      <Extensions>cpp;c;cc;cxx;c++;cppm;ixx;def;odl;idl;hpj;bat;asm;asmx</Extensions>
    </Filter>
    <Filter Include="Header Files">
      <UniqueIdentifier>{93995380-89BD-4b04-88EB-625FBE52EBFB}</UniqueIdentifier>
      <Extensions>h;hh;hpp;hxx;h++;hm;inl;inc;ipp;xsd</Extensions>
    </Filter>
    <Filter Include="Resource Files">
      <UniqueIdentifier>{67DA6AB6-F800-4c08-8B7A-83BB121AAD01}</UniqueIdentifier>
      <Extensions>rc;ico;cur;bmp;dlg;rc2;rct;bin;rgs;gif;jpg;jpeg;jpe;resx;tiff;tif;png;wav;mfcribbon-ms</Extensions>
    </Filter>
    <Filter Include="Source">
      <UniqueIdentifier>{8e5e4b37-c936-4c69-b6c7-6d2493900bb6}</UniqueIdentifier>
    </Filter>
    <Filter Include="Source\CodeConverter">
      <UniqueIdentifier>{e48c13f3-6dc7-4eb0-b620-915194993f0d}</UniqueIdentifier>
    </Filter>
    <Filter Include="Source\HangulParser">
      <UniqueIdentifier>{266a172c-d4d7-4361-8f9c-17c7f0457353}</UniqueIdentifier>
    </Filter>
    <Filter Include="Source\MorseConverter">
      <UniqueIdentifier>{607450c9-4432-4bea-b941-7be2373ff227}</UniqueIdentifier>
    </Filter>
    <Filter Include="Source\BinaryConverter">
      <UniqueIdentifier>{4bda9808-07f8-4084-a3ba-859bfa7b0712}</UniqueIdentifier>
    </Filter>
  </ItemGroup>
  <ItemGroup>
    <ClCompile Include="main.cpp">
      <Filter>Source Files</Filter>
    </ClCompile>
    <ClCompile Include="Source\CodeConverter\CodeConverter.cpp">
      <Filter>Source\CodeConverter</Filter>
    </ClCompile>
    <ClCompile Include="Source\HangulParser\HangulParser.cpp">
      <Filter>Source\HangulParser</Filter>
    </ClCompile>
    <ClCompile Include="Source\MorseConverter\MorseConverter.cpp">
      <Filter>Source\MorseConverter</Filter>
    </ClCompile>
    <ClCompile Include="Source\BinaryConverter\BinaryConverter.cpp">
      <Filter>Source\BinaryConverter</Filter>
    </ClCompile>
  </ItemGroup>
  <ItemGroup>
    <ClInclude Include="flutter_interface.h">
      <Filter>Header Files</Filter>
    </ClInclude>
    <ClInclude Include="Source\CodeConverter\CodeConverter.h">
      <Filter>Source\CodeConverter</Filter>
    </ClInclude>
    <ClInclude Include="Source\HangulParser\HangulParser.h">
      <Filter>Source\HangulParser</Filter>
    </ClInclude>
    <ClInclude Include="Source\MorseConverter\MorseConverter.h">
      <Filter>Source\MorseConverter</Filter>
    </ClInclude>
    <ClInclude Include="Source\BinaryConverter\BinaryConverter.h">
      <Filter>Source\BinaryConverter</Filter>
    </ClInclude>
  </ItemGroup>
</Project>