<?xml version="1.0" encoding="utf-8"?>
<Project ToolsVersion="4.0" xmlns="http://schemas.microsoft.com/developer/msbuild/2003">
  <ItemGroup>
    <Filter Include="Header Files">
      <UniqueIdentifier>{93995380-89BD-4b04-88EB-625FBE52EBFB}</UniqueIdentifier>
      <Extensions>h;hh;hpp;hxx;h++;hm;inl;inc;ipp;xsd</Extensions>
    </Filter>
    <Filter Include="Resource Files">
      <UniqueIdentifier>{67DA6AB6-F800-4c08-8B7A-83BB121AAD01}</UniqueIdentifier>
      <Extensions>rc;ico;cur;bmp;dlg;rc2;rct;bin;rgs;gif;jpg;jpeg;jpe;resx;tiff;tif;png;wav;mfcribbon-ms</Extensions>
    </Filter>
    <Filter Include="Source">
      <UniqueIdentifier>{8e5e4b37-c936-4c69-b6c7-6d2493900bb6}</UniqueIdentifier>
    </Filter>
    <Filter Include="Source\CodeConverter">
      <UniqueIdentifier>{e48c13f3-6dc7-4eb0-b620-915194993f0d}</UniqueIdentifier>
    </Filter>
    <Filter Include="Source\HangulParser">
      <UniqueIdentifier>{266a172c-d4d7-4361-8f9c-17c7f0457353}</UniqueIdentifier>
    </Filter>
    <Filter Include="Source\MorseConverter">
      <UniqueIdentifier>{607450c9-4432-4bea-b941-7be2373ff227}</UniqueIdentifier>
    </Filter>
    <Filter Include="Source\BinaryConverter">
      <UniqueIdentifier>{4bda9808-07f8-4084-a3ba-859bfa7b0712}</UniqueIdentifier>
    </Filter>
    <Filter Include="Source\jsoncpp">
      <UniqueIdentifier>{546ed4a4-888f-4bca-b157-86037b623e01}</UniqueIdentifier>
    </Filter>
    <Filter Include="Source\jsoncpp\json">
      <UniqueIdentifier>{bff59220-e1eb-444a-a0b0-26c0b7238d9c}</UniqueIdentifier>
    </Filter>
    <Filter Include="Source\LatinAlphabetMorseConverter">
      <UniqueIdentifier>{5fb1b1f8-473d-480f-92f1-f857130e11e4}</UniqueIdentifier>
    </Filter>
    <Filter Include="Source\CodeBook">
      <UniqueIdentifier>{d99f26d4-e8e6-44aa-81ae-ca9f3cbe64e8}</UniqueIdentifier>
    </Filter>
    <Filter Include="Source\CodeBook\MorseCodeBook">
      <UniqueIdentifier>{4b7a36c9-c06f-4766-b6dd-5851f7f54d5d}</UniqueIdentifier>
    </Filter>
    <Filter Include="Source\CodeBook\HangulParserCodeBook">
      <UniqueIdentifier>{0e50e2c0-3795-41ea-946c-0eab414d14a2}</UniqueIdentifier>
    </Filter>
    <Filter Include="Source\HangulMorseConverter">
      <UniqueIdentifier>{2aa5c450-b75b-49d3-865b-1e85c0bf9cd3}</UniqueIdentifier>
    </Filter>
    <Filter Include="Source\CodeBook\MorseCodeBook\LatinAlphabetMorseCodeBook">
      <UniqueIdentifier>{331e8b6b-334a-40af-93fd-219f5b014d89}</UniqueIdentifier>
    </Filter>
    <Filter Include="Source\CodeBook\MorseCodeBook\HangulMorseCodeBook">
      <UniqueIdentifier>{d1c05de7-c1bd-4045-a7c6-848079551e55}</UniqueIdentifier>
    </Filter>
  </ItemGroup>
  <ItemGroup>
    <ClCompile Include="Source\CodeConverter\CodeConverter.cpp">
      <Filter>Source\CodeConverter</Filter>
    </ClCompile>
    <ClCompile Include="Source\HangulParser\HangulParser.cpp">
      <Filter>Source\HangulParser</Filter>
    </ClCompile>
    <ClCompile Include="Source\MorseConverter\MorseConverter.cpp">
      <Filter>Source\MorseConverter</Filter>
    </ClCompile>
    <ClCompile Include="Source\BinaryConverter\BinaryConverter.cpp">
      <Filter>Source\BinaryConverter</Filter>
    </ClCompile>
    <ClCompile Include="Source\main.cpp">
      <Filter>Source</Filter>
    </ClCompile>
    <ClCompile Include="Source\jsoncpp\jsoncpp.cpp">
      <Filter>Source\jsoncpp</Filter>
    </ClCompile>
    <ClCompile Include="Source\LatinAlphabetMorseConverter\LatinAlphabetMorseConverter.cpp">
      <Filter>Source\LatinAlphabetMorseConverter</Filter>
    </ClCompile>
    <ClCompile Include="Source\CodeBook\CodeBook.cpp">
      <Filter>Source\CodeBook</Filter>
    </ClCompile>
    <ClCompile Include="Source\CodeBook\MorseCodeBook\MorseCodeBook.cpp">
      <Filter>Source\CodeBook\MorseCodeBook</Filter>
    </ClCompile>
    <ClCompile Include="Source\CodeBook\HangulParserCodeBook\HangulParserCodeBook.cpp">
      <Filter>Source\CodeBook\HangulParserCodeBook</Filter>
    </ClCompile>
    <ClCompile Include="Source\HangulMorseConverter\HangulMorseConverter.cpp">
      <Filter>Source\HangulMorseConverter</Filter>
    </ClCompile>
    <ClCompile Include="Source\CodeBook\MorseCodeBook\LatinAlphbetMorseCodeBook\LatinAlphbetMorseCodeBook.cpp">
      <Filter>Source\CodeBook\MorseCodeBook\LatinAlphabetMorseCodeBook</Filter>
    </ClCompile>
    <ClCompile Include="Source\CodeBook\MorseCodeBook\HangulMorseCodeBook\HangulMorseCodeBook.cpp">
      <Filter>Source\CodeBook\MorseCodeBook\HangulMorseCodeBook</Filter>
    </ClCompile>
  </ItemGroup>
  <ItemGroup>
    <ClInclude Include="flutter_interface.h">
      <Filter>Header Files</Filter>
    </ClInclude>
    <ClInclude Include="Source\CodeConverter\CodeConverter.h">
      <Filter>Source\CodeConverter</Filter>
    </ClInclude>
    <ClInclude Include="Source\HangulParser\HangulParser.h">
      <Filter>Source\HangulParser</Filter>
    </ClInclude>
    <ClInclude Include="Source\MorseConverter\MorseConverter.h">
      <Filter>Source\MorseConverter</Filter>
    </ClInclude>
    <ClInclude Include="Source\BinaryConverter\BinaryConverter.h">
      <Filter>Source\BinaryConverter</Filter>
    </ClInclude>
    <ClInclude Include="Source\jsoncpp\json\json.h">
      <Filter>Source\jsoncpp\json</Filter>
    </ClInclude>
    <ClInclude Include="Source\jsoncpp\json\json-forwards.h">
      <Filter>Source\jsoncpp\json</Filter>
    </ClInclude>
    <ClInclude Include="Source\LatinAlphabetMorseConverter\LatinAlphabetMorseConverter.h">
      <Filter>Source\LatinAlphabetMorseConverter</Filter>
    </ClInclude>
    <ClInclude Include="Source\CodeBook\CodeBook.h">
      <Filter>Source\CodeBook</Filter>
    </ClInclude>
    <ClInclude Include="Source\CodeBook\MorseCodeBook\MorseCodeBook.h">
      <Filter>Source\CodeBook\MorseCodeBook</Filter>
    </ClInclude>
    <ClInclude Include="Source\CodeBook\HangulParserCodeBook\HangulParserCodeBook.h">
      <Filter>Source\CodeBook\HangulParserCodeBook</Filter>
    </ClInclude>
    <ClInclude Include="Source\HangulMorseConverter\HangulMorseConverter.h">
      <Filter>Source\HangulMorseConverter</Filter>
    </ClInclude>
    <ClInclude Include="Source\CodeBook\MorseCodeBook\LatinAlphbetMorseCodeBook\LatinAlphbetMorseCodeBook.h">
      <Filter>Source\CodeBook\MorseCodeBook\LatinAlphabetMorseCodeBook</Filter>
    </ClInclude>
    <ClInclude Include="Source\CodeBook\MorseCodeBook\HangulMorseCodeBook\HangulMorseCodeBook.h">
      <Filter>Source\CodeBook\MorseCodeBook\HangulMorseCodeBook</Filter>
    </ClInclude>
  </ItemGroup>
</Project>